// !$*UTF8*$!
{
	archiveVersion = 1;
	classes = {
	};
	objectVersion = 51;
	objects = {

/* Begin PBXBuildFile section */
		4E55CD61264A5F6A00186B40 /* AppDelegate.swift in Sources */ = {isa = PBXBuildFile; fileRef = 4E55CD60264A5F6A00186B40 /* AppDelegate.swift */; };
		4E55CD63264A5F6A00186B40 /* SceneDelegate.swift in Sources */ = {isa = PBXBuildFile; fileRef = 4E55CD62264A5F6A00186B40 /* SceneDelegate.swift */; };
		4E55CD65264A5F6A00186B40 /* ViewController.swift in Sources */ = {isa = PBXBuildFile; fileRef = 4E55CD64264A5F6A00186B40 /* ViewController.swift */; };
		4E55CD68264A5F6A00186B40 /* Main.storyboard in Resources */ = {isa = PBXBuildFile; fileRef = 4E55CD66264A5F6A00186B40 /* Main.storyboard */; };
		4E55CD6A264A5F6C00186B40 /* Assets.xcassets in Resources */ = {isa = PBXBuildFile; fileRef = 4E55CD69264A5F6C00186B40 /* Assets.xcassets */; };
		4E55CD6D264A5F6C00186B40 /* LaunchScreen.storyboard in Resources */ = {isa = PBXBuildFile; fileRef = 4E55CD6B264A5F6C00186B40 /* LaunchScreen.storyboard */; };
		4E55CD7B264A74FE00186B40 /* MemberListCell.swift in Sources */ = {isa = PBXBuildFile; fileRef = 4E55CD7A264A74FE00186B40 /* MemberListCell.swift */; };
		4E55CD7E264A7AF000186B40 /* DetailViewController.swift in Sources */ = {isa = PBXBuildFile; fileRef = 4E55CD7D264A7AF000186B40 /* DetailViewController.swift */; };
		969CF4CE0E1E71ADE30486E1 /* Pods_RxSwift_TableViewEx.framework in Frameworks */ = {isa = PBXBuildFile; fileRef = ECC587EC2BC52B5D4A61FBBF /* Pods_RxSwift_TableViewEx.framework */; };
/* End PBXBuildFile section */

/* Begin PBXFileReference section */
		4E55CD5D264A5F6A00186B40 /* RxSwift_TableViewEx.app */ = {isa = PBXFileReference; explicitFileType = wrapper.application; includeInIndex = 0; path = RxSwift_TableViewEx.app; sourceTree = BUILT_PRODUCTS_DIR; };
		4E55CD60264A5F6A00186B40 /* AppDelegate.swift */ = {isa = PBXFileReference; lastKnownFileType = sourcecode.swift; path = AppDelegate.swift; sourceTree = "<group>"; };
		4E55CD62264A5F6A00186B40 /* SceneDelegate.swift */ = {isa = PBXFileReference; lastKnownFileType = sourcecode.swift; path = SceneDelegate.swift; sourceTree = "<group>"; };
		4E55CD64264A5F6A00186B40 /* ViewController.swift */ = {isa = PBXFileReference; lastKnownFileType = sourcecode.swift; path = ViewController.swift; sourceTree = "<group>"; };
		4E55CD67264A5F6A00186B40 /* Base */ = {isa = PBXFileReference; lastKnownFileType = file.storyboard; name = Base; path = Base.lproj/Main.storyboard; sourceTree = "<group>"; };
		4E55CD69264A5F6C00186B40 /* Assets.xcassets */ = {isa = PBXFileReference; lastKnownFileType = folder.assetcatalog; path = Assets.xcassets; sourceTree = "<group>"; };
		4E55CD6C264A5F6C00186B40 /* Base */ = {isa = PBXFileReference; lastKnownFileType = file.storyboard; name = Base; path = Base.lproj/LaunchScreen.storyboard; sourceTree = "<group>"; };
		4E55CD6E264A5F6C00186B40 /* Info.plist */ = {isa = PBXFileReference; lastKnownFileType = text.plist.xml; path = Info.plist; sourceTree = "<group>"; };
		4E55CD7A264A74FE00186B40 /* MemberListCell.swift */ = {isa = PBXFileReference; lastKnownFileType = sourcecode.swift; path = MemberListCell.swift; sourceTree = "<group>"; };
		4E55CD7D264A7AF000186B40 /* DetailViewController.swift */ = {isa = PBXFileReference; lastKnownFileType = sourcecode.swift; path = DetailViewController.swift; sourceTree = "<group>"; };
		A043C1DD47F6ECB2F5B24821 /* Pods-RxSwift_TableViewEx.release.xcconfig */ = {isa = PBXFileReference; includeInIndex = 1; lastKnownFileType = text.xcconfig; name = "Pods-RxSwift_TableViewEx.release.xcconfig"; path = "Target Support Files/Pods-RxSwift_TableViewEx/Pods-RxSwift_TableViewEx.release.xcconfig"; sourceTree = "<group>"; };
		A551383CE6FAE34912E73B19 /* Pods-RxSwift_TableViewEx.debug.xcconfig */ = {isa = PBXFileReference; includeInIndex = 1; lastKnownFileType = text.xcconfig; name = "Pods-RxSwift_TableViewEx.debug.xcconfig"; path = "Target Support Files/Pods-RxSwift_TableViewEx/Pods-RxSwift_TableViewEx.debug.xcconfig"; sourceTree = "<group>"; };
		ECC587EC2BC52B5D4A61FBBF /* Pods_RxSwift_TableViewEx.framework */ = {isa = PBXFileReference; explicitFileType = wrapper.framework; includeInIndex = 0; path = Pods_RxSwift_TableViewEx.framework; sourceTree = BUILT_PRODUCTS_DIR; };
/* End PBXFileReference section */

/* Begin PBXFrameworksBuildPhase section */
		4E55CD5A264A5F6A00186B40 /* Frameworks */ = {
			isa = PBXFrameworksBuildPhase;
			buildActionMask = 2147483647;
			files = (
				969CF4CE0E1E71ADE30486E1 /* Pods_RxSwift_TableViewEx.framework in Frameworks */,
			);
			runOnlyForDeploymentPostprocessing = 0;
		};
/* End PBXFrameworksBuildPhase section */

/* Begin PBXGroup section */
		4E55CD54264A5F6A00186B40 = {
			isa = PBXGroup;
			children = (
				4E55CD5F264A5F6A00186B40 /* RxSwift_TableViewEx */,
				4E55CD5E264A5F6A00186B40 /* Products */,
				C494E4F18840A51B7E0C22BE /* Pods */,
				AC1B3FE2BAAA5B2E63CCF3DA /* Frameworks */,
			);
			sourceTree = "<group>";
		};
		4E55CD5E264A5F6A00186B40 /* Products */ = {
			isa = PBXGroup;
			children = (
				4E55CD5D264A5F6A00186B40 /* RxSwift_TableViewEx.app */,
			);
			name = Products;
			sourceTree = "<group>";
		};
		4E55CD5F264A5F6A00186B40 /* RxSwift_TableViewEx */ = {
			isa = PBXGroup;
			children = (
				4E55CD60264A5F6A00186B40 /* AppDelegate.swift */,
				4E55CD62264A5F6A00186B40 /* SceneDelegate.swift */,
				4E55CD64264A5F6A00186B40 /* ViewController.swift */,
				4E55CD7D264A7AF000186B40 /* DetailViewController.swift */,
				4E55CD66264A5F6A00186B40 /* Main.storyboard */,
				4E55CD7A264A74FE00186B40 /* MemberListCell.swift */,
				4E55CD69264A5F6C00186B40 /* Assets.xcassets */,
				4E55CD6B264A5F6C00186B40 /* LaunchScreen.storyboard */,
				4E55CD6E264A5F6C00186B40 /* Info.plist */,
			);
			path = RxSwift_TableViewEx;
			sourceTree = "<group>";
		};
		AC1B3FE2BAAA5B2E63CCF3DA /* Frameworks */ = {
			isa = PBXGroup;
			children = (
				ECC587EC2BC52B5D4A61FBBF /* Pods_RxSwift_TableViewEx.framework */,
			);
			name = Frameworks;
			sourceTree = "<group>";
		};
		C494E4F18840A51B7E0C22BE /* Pods */ = {
			isa = PBXGroup;
			children = (
				A551383CE6FAE34912E73B19 /* Pods-RxSwift_TableViewEx.debug.xcconfig */,
				A043C1DD47F6ECB2F5B24821 /* Pods-RxSwift_TableViewEx.release.xcconfig */,
			);
			path = Pods;
			sourceTree = "<group>";
		};
/* End PBXGroup section */

/* Begin PBXNativeTarget section */
		4E55CD5C264A5F6A00186B40 /* RxSwift_TableViewEx */ = {
			isa = PBXNativeTarget;
			buildConfigurationList = 4E55CD71264A5F6C00186B40 /* Build configuration list for PBXNativeTarget "RxSwift_TableViewEx" */;
			buildPhases = (
				C120F449D8BC665164F02F06 /* [CP] Check Pods Manifest.lock */,
				4E55CD59264A5F6A00186B40 /* Sources */,
				4E55CD5A264A5F6A00186B40 /* Frameworks */,
				4E55CD5B264A5F6A00186B40 /* Resources */,
				6997C945B7E686CB456253BF /* [CP] Embed Pods Frameworks */,
			);
			buildRules = (
			);
			dependencies = (
			);
			name = RxSwift_TableViewEx;
			productName = RxSwift_TableViewEx;
			productReference = 4E55CD5D264A5F6A00186B40 /* RxSwift_TableViewEx.app */;
			productType = "com.apple.product-type.application";
		};
/* End PBXNativeTarget section */

/* Begin PBXProject section */
		4E55CD55264A5F6A00186B40 /* Project object */ = {
			isa = PBXProject;
			attributes = {
				LastSwiftUpdateCheck = 1230;
				LastUpgradeCheck = 1230;
				TargetAttributes = {
					4E55CD5C264A5F6A00186B40 = {
						CreatedOnToolsVersion = 12.3;
					};
				};
			};
			buildConfigurationList = 4E55CD58264A5F6A00186B40 /* Build configuration list for PBXProject "RxSwift_TableViewEx" */;
			compatibilityVersion = "Xcode 9.3";
			developmentRegion = en;
			hasScannedForEncodings = 0;
			knownRegions = (
				en,
				Base,
			);
			mainGroup = 4E55CD54264A5F6A00186B40;
			productRefGroup = 4E55CD5E264A5F6A00186B40 /* Products */;
			projectDirPath = "";
			projectRoot = "";
			targets = (
				4E55CD5C264A5F6A00186B40 /* RxSwift_TableViewEx */,
			);
		};
/* End PBXProject section */

/* Begin PBXResourcesBuildPhase section */
		4E55CD5B264A5F6A00186B40 /* Resources */ = {
			isa = PBXResourcesBuildPhase;
			buildActionMask = 2147483647;
			files = (
				4E55CD6D264A5F6C00186B40 /* LaunchScreen.storyboard in Resources */,
				4E55CD6A264A5F6C00186B40 /* Assets.xcassets in Resources */,
				4E55CD68264A5F6A00186B40 /* Main.storyboard in Resources */,
			);
			runOnlyForDeploymentPostprocessing = 0;
		};
/* End PBXResourcesBuildPhase section */

/* Begin PBXShellScriptBuildPhase section */
		6997C945B7E686CB456253BF /* [CP] Embed Pods Frameworks */ = {
			isa = PBXShellScriptBuildPhase;
			buildActionMask = 2147483647;
			files = (
			);
			inputFileListPaths = (
				"${PODS_ROOT}/Target Support Files/Pods-RxSwift_TableViewEx/Pods-RxSwift_TableViewEx-frameworks-${CONFIGURATION}-input-files.xcfilelist",
			);
			name = "[CP] Embed Pods Frameworks";
			outputFileListPaths = (
				"${PODS_ROOT}/Target Support Files/Pods-RxSwift_TableViewEx/Pods-RxSwift_TableViewEx-frameworks-${CONFIGURATION}-output-files.xcfilelist",
			);
			runOnlyForDeploymentPostprocessing = 0;
			shellPath = /bin/sh;
			shellScript = "\"${PODS_ROOT}/Target Support Files/Pods-RxSwift_TableViewEx/Pods-RxSwift_TableViewEx-frameworks.sh\"\n";
			showEnvVarsInLog = 0;
		};
		C120F449D8BC665164F02F06 /* [CP] Check Pods Manifest.lock */ = {
			isa = PBXShellScriptBuildPhase;
			buildActionMask = 2147483647;
			files = (
			);
			inputFileListPaths = (
			);
			inputPaths = (
				"${PODS_PODFILE_DIR_PATH}/Podfile.lock",
				"${PODS_ROOT}/Manifest.lock",
			);
			name = "[CP] Check Pods Manifest.lock";
			outputFileListPaths = (
			);
			outputPaths = (
				"$(DERIVED_FILE_DIR)/Pods-RxSwift_TableViewEx-checkManifestLockResult.txt",
			);
			runOnlyForDeploymentPostprocessing = 0;
			shellPath = /bin/sh;
			shellScript = "diff \"${PODS_PODFILE_DIR_PATH}/Podfile.lock\" \"${PODS_ROOT}/Manifest.lock\" > /dev/null\nif [ $? != 0 ] ; then\n    # print error to STDERR\n    echo \"error: The sandbox is not in sync with the Podfile.lock. Run 'pod install' or update your CocoaPods installation.\" >&2\n    exit 1\nfi\n# This output is used by Xcode 'outputs' to avoid re-running this script phase.\necho \"SUCCESS\" > \"${SCRIPT_OUTPUT_FILE_0}\"\n";
			showEnvVarsInLog = 0;
		};
/* End PBXShellScriptBuildPhase section */

/* Begin PBXSourcesBuildPhase section */
		4E55CD59264A5F6A00186B40 /* Sources */ = {
			isa = PBXSourcesBuildPhase;
			buildActionMask = 2147483647;
			files = (
				4E55CD65264A5F6A00186B40 /* ViewController.swift in Sources */,
				4E55CD61264A5F6A00186B40 /* AppDelegate.swift in Sources */,
				4E55CD7E264A7AF000186B40 /* DetailViewController.swift in Sources */,
				4E55CD63264A5F6A00186B40 /* SceneDelegate.swift in Sources */,
				4E55CD7B264A74FE00186B40 /* MemberListCell.swift in Sources */,
			);
			runOnlyForDeploymentPostprocessing = 0;
		};
/* End PBXSourcesBuildPhase section */

/* Begin PBXVariantGroup section */
		4E55CD66264A5F6A00186B40 /* Main.storyboard */ = {
			isa = PBXVariantGroup;
			children = (
				4E55CD67264A5F6A00186B40 /* Base */,
			);
			name = Main.storyboard;
			sourceTree = "<group>";
		};
		4E55CD6B264A5F6C00186B40 /* LaunchScreen.storyboard */ = {
			isa = PBXVariantGroup;
			children = (
				4E55CD6C264A5F6C00186B40 /* Base */,
			);
			name = LaunchScreen.storyboard;
			sourceTree = "<group>";
		};
/* End PBXVariantGroup section */

/* Begin XCBuildConfiguration section */
		4E55CD6F264A5F6C00186B40 /* Debug */ = {
			isa = XCBuildConfiguration;
			buildSettings = {
				ALWAYS_SEARCH_USER_PATHS = NO;
				CLANG_ANALYZER_NONNULL = YES;
				CLANG_ANALYZER_NUMBER_OBJECT_CONVERSION = YES_AGGRESSIVE;
				CLANG_CXX_LANGUAGE_STANDARD = "gnu++14";
				CLANG_CXX_LIBRARY = "libc++";
				CLANG_ENABLE_MODULES = YES;
				CLANG_ENABLE_OBJC_ARC = YES;
				CLANG_ENABLE_OBJC_WEAK = YES;
				CLANG_WARN_BLOCK_CAPTURE_AUTORELEASING = YES;
				CLANG_WARN_BOOL_CONVERSION = YES;
				CLANG_WARN_COMMA = YES;
				CLANG_WARN_CONSTANT_CONVERSION = YES;
				CLANG_WARN_DEPRECATED_OBJC_IMPLEMENTATIONS = YES;
				CLANG_WARN_DIRECT_OBJC_ISA_USAGE = YES_ERROR;
				CLANG_WARN_DOCUMENTATION_COMMENTS = YES;
				CLANG_WARN_EMPTY_BODY = YES;
				CLANG_WARN_ENUM_CONVERSION = YES;
				CLANG_WARN_INFINITE_RECURSION = YES;
				CLANG_WARN_INT_CONVERSION = YES;
				CLANG_WARN_NON_LITERAL_NULL_CONVERSION = YES;
				CLANG_WARN_OBJC_IMPLICIT_RETAIN_SELF = YES;
				CLANG_WARN_OBJC_LITERAL_CONVERSION = YES;
				CLANG_WARN_OBJC_ROOT_CLASS = YES_ERROR;
				CLANG_WARN_QUOTED_INCLUDE_IN_FRAMEWORK_HEADER = YES;
				CLANG_WARN_RANGE_LOOP_ANALYSIS = YES;
				CLANG_WARN_STRICT_PROTOTYPES = YES;
				CLANG_WARN_SUSPICIOUS_MOVE = YES;
				CLANG_WARN_UNGUARDED_AVAILABILITY = YES_AGGRESSIVE;
				CLANG_WARN_UNREACHABLE_CODE = YES;
				CLANG_WARN__DUPLICATE_METHOD_MATCH = YES;
				COPY_PHASE_STRIP = NO;
				DEBUG_INFORMATION_FORMAT = dwarf;
				ENABLE_STRICT_OBJC_MSGSEND = YES;
				ENABLE_TESTABILITY = YES;
				GCC_C_LANGUAGE_STANDARD = gnu11;
				GCC_DYNAMIC_NO_PIC = NO;
				GCC_NO_COMMON_BLOCKS = YES;
				GCC_OPTIMIZATION_LEVEL = 0;
				GCC_PREPROCESSOR_DEFINITIONS = (
					"DEBUG=1",
					"$(inherited)",
				);
				GCC_WARN_64_TO_32_BIT_CONVERSION = YES;
				GCC_WARN_ABOUT_RETURN_TYPE = YES_ERROR;
				GCC_WARN_UNDECLARED_SELECTOR = YES;
				GCC_WARN_UNINITIALIZED_AUTOS = YES_AGGRESSIVE;
				GCC_WARN_UNUSED_FUNCTION = YES;
				GCC_WARN_UNUSED_VARIABLE = YES;
				IPHONEOS_DEPLOYMENT_TARGET = 14.3;
				MTL_ENABLE_DEBUG_INFO = INCLUDE_SOURCE;
				MTL_FAST_MATH = YES;
				ONLY_ACTIVE_ARCH = YES;
				SDKROOT = iphoneos;
				SWIFT_ACTIVE_COMPILATION_CONDITIONS = DEBUG;
				SWIFT_OPTIMIZATION_LEVEL = "-Onone";
			};
			name = Debug;
		};
		4E55CD70264A5F6C00186B40 /* Release */ = {
			isa = XCBuildConfiguration;
			buildSettings = {
				ALWAYS_SEARCH_USER_PATHS = NO;
				CLANG_ANALYZER_NONNULL = YES;
				CLANG_ANALYZER_NUMBER_OBJECT_CONVERSION = YES_AGGRESSIVE;
				CLANG_CXX_LANGUAGE_STANDARD = "gnu++14";
				CLANG_CXX_LIBRARY = "libc++";
				CLANG_ENABLE_MODULES = YES;
				CLANG_ENABLE_OBJC_ARC = YES;
				CLANG_ENABLE_OBJC_WEAK = YES;
				CLANG_WARN_BLOCK_CAPTURE_AUTORELEASING = YES;
				CLANG_WARN_BOOL_CONVERSION = YES;
				CLANG_WARN_COMMA = YES;
				CLANG_WARN_CONSTANT_CONVERSION = YES;
				CLANG_WARN_DEPRECATED_OBJC_IMPLEMENTATIONS = YES;
				CLANG_WARN_DIRECT_OBJC_ISA_USAGE = YES_ERROR;
				CLANG_WARN_DOCUMENTATION_COMMENTS = YES;
				CLANG_WARN_EMPTY_BODY = YES;
				CLANG_WARN_ENUM_CONVERSION = YES;
				CLANG_WARN_INFINITE_RECURSION = YES;
				CLANG_WARN_INT_CONVERSION = YES;
				CLANG_WARN_NON_LITERAL_NULL_CONVERSION = YES;
				CLANG_WARN_OBJC_IMPLICIT_RETAIN_SELF = YES;
				CLANG_WARN_OBJC_LITERAL_CONVERSION = YES;
				CLANG_WARN_OBJC_ROOT_CLASS = YES_ERROR;
				CLANG_WARN_QUOTED_INCLUDE_IN_FRAMEWORK_HEADER = YES;
				CLANG_WARN_RANGE_LOOP_ANALYSIS = YES;
				CLANG_WARN_STRICT_PROTOTYPES = YES;
				CLANG_WARN_SUSPICIOUS_MOVE = YES;
				CLANG_WARN_UNGUARDED_AVAILABILITY = YES_AGGRESSIVE;
				CLANG_WARN_UNREACHABLE_CODE = YES;
				CLANG_WARN__DUPLICATE_METHOD_MATCH = YES;
				COPY_PHASE_STRIP = NO;
				DEBUG_INFORMATION_FORMAT = "dwarf-with-dsym";
				ENABLE_NS_ASSERTIONS = NO;
				ENABLE_STRICT_OBJC_MSGSEND = YES;
				GCC_C_LANGUAGE_STANDARD = gnu11;
				GCC_NO_COMMON_BLOCKS = YES;
				GCC_WARN_64_TO_32_BIT_CONVERSION = YES;
				GCC_WARN_ABOUT_RETURN_TYPE = YES_ERROR;
				GCC_WARN_UNDECLARED_SELECTOR = YES;
				GCC_WARN_UNINITIALIZED_AUTOS = YES_AGGRESSIVE;
				GCC_WARN_UNUSED_FUNCTION = YES;
				GCC_WARN_UNUSED_VARIABLE = YES;
				IPHONEOS_DEPLOYMENT_TARGET = 14.3;
				MTL_ENABLE_DEBUG_INFO = NO;
				MTL_FAST_MATH = YES;
				SDKROOT = iphoneos;
				SWIFT_COMPILATION_MODE = wholemodule;
				SWIFT_OPTIMIZATION_LEVEL = "-O";
				VALIDATE_PRODUCT = YES;
			};
			name = Release;
		};
		4E55CD72264A5F6C00186B40 /* Debug */ = {
			isa = XCBuildConfiguration;
			baseConfigurationReference = A551383CE6FAE34912E73B19 /* Pods-RxSwift_TableViewEx.debug.xcconfig */;
			buildSettings = {
				ASSETCATALOG_COMPILER_APPICON_NAME = AppIcon;
				ASSETCATALOG_COMPILER_GLOBAL_ACCENT_COLOR_NAME = AccentColor;
				CODE_SIGN_STYLE = Automatic;
				DEVELOPMENT_TEAM = X43362PDL5;
				INFOPLIST_FILE = RxSwift_TableViewEx/Info.plist;
				LD_RUNPATH_SEARCH_PATHS = (
					"$(inherited)",
					"@executable_path/Frameworks",
				);
				PRODUCT_BUNDLE_IDENTIFIER = "com.seongho.RxSwift-TableViewEx";
				PRODUCT_NAME = "$(TARGET_NAME)";
				SWIFT_VERSION = 5.0;
				TARGETED_DEVICE_FAMILY = "1,2";
			};
			name = Debug;
		};
		4E55CD73264A5F6C00186B40 /* Release */ = {
			isa = XCBuildConfiguration;
			baseConfigurationReference = A043C1DD47F6ECB2F5B24821 /* Pods-RxSwift_TableViewEx.release.xcconfig */;
			buildSettings = {
				ASSETCATALOG_COMPILER_APPICON_NAME = AppIcon;
				ASSETCATALOG_COMPILER_GLOBAL_ACCENT_COLOR_NAME = AccentColor;
				CODE_SIGN_STYLE = Automatic;
				DEVELOPMENT_TEAM = X43362PDL5;
				INFOPLIST_FILE = RxSwift_TableViewEx/Info.plist;
				LD_RUNPATH_SEARCH_PATHS = (
					"$(inherited)",
					"@executable_path/Frameworks",
				);
				PRODUCT_BUNDLE_IDENTIFIER = "com.seongho.RxSwift-TableViewEx";
				PRODUCT_NAME = "$(TARGET_NAME)";
				SWIFT_VERSION = 5.0;
				TARGETED_DEVICE_FAMILY = "1,2";
			};
			name = Release;
		};
/* End XCBuildConfiguration section */

/* Begin XCConfigurationList section */
		4E55CD58264A5F6A00186B40 /* Build configuration list for PBXProject "RxSwift_TableViewEx" */ = {
			isa = XCConfigurationList;
			buildConfigurations = (
				4E55CD6F264A5F6C00186B40 /* Debug */,
				4E55CD70264A5F6C00186B40 /* Release */,
			);
			defaultConfigurationIsVisible = 0;
			defaultConfigurationName = Release;
		};
		4E55CD71264A5F6C00186B40 /* Build configuration list for PBXNativeTarget "RxSwift_TableViewEx" */ = {
			isa = XCConfigurationList;
			buildConfigurations = (
				4E55CD72264A5F6C00186B40 /* Debug */,
				4E55CD73264A5F6C00186B40 /* Release */,
			);
			defaultConfigurationIsVisible = 0;
			defaultConfigurationName = Release;
		};
/* End XCConfigurationList section */
	};
	rootObject = 4E55CD55264A5F6A00186B40 /* Project object */;
}
